github.com/SimoTod/alpine-turbolinks-adapter v1.0.2 h1:j75SevjoZwzMn/CjHJJRjW9W9KKCJEmsL3QBXDlBl7w=
github.com/SimoTod/alpine-turbolinks-adapter v1.0.2/go.mod h1:KebmHFXD933AzXtw24J3MbhcN7lrdMvIbmU3H7sex+M=
github.com/alpinejs/alpine v2.8.2+incompatible h1:WO8GLAdvObtsMH1h7bmURNk58OqkEltSpY10Y8sWRrw=
github.com/alpinejs/alpine v2.8.2+incompatible/go.mod h1:BKI81egATMnaKqFeX5HEfYMnjZjcjcZmrYAu5Nck+EY=
github.com/gohugoio/gohugoioTheme v0.0.0-20190808163145-07b3c0f73b02/go.mod h1:kpw3SS48xZvLQGEXKu8u5XHgXkPvL8DX3oGa07+z8Bs=
github.com/gohugoio/gohugoioTheme v0.0.0-20191014144142-1f3a01deed7b h1:PWNjl46fvtz54PKO0BdiXOF6/4L/uCP0F3gtcCxGrJs=
github.com/gohugoio/gohugoioTheme v0.0.0-20191014144142-1f3a01deed7b/go.mod h1:kpw3SS48xZvLQGEXKu8u5XHgXkPvL8DX3oGa07+z8Bs=
github.com/gohugoio/gohugoioTheme v0.0.0-20191021162625-2e7250ca437d h1:D3DcaYkuJbotdWNNAQpQl37txX4HQ6R5uMHoxVmTw0w=
github.com/gohugoio/gohugoioTheme v0.0.0-20191021162625-2e7250ca437d/go.mod h1:kpw3SS48xZvLQGEXKu8u5XHgXkPvL8DX3oGa07+z8Bs=
github.com/gohugoio/gohugoioTheme v0.0.0-20200123151337-9475fd449324 h1:UZwHDYtGY0uOKIvcm2LWd+xfFxD3X5L222LIJdI5RE4=
github.com/gohugoio/gohugoioTheme v0.0.0-20200123151337-9475fd449324/go.mod h1:kpw3SS48xZvLQGEXKu8u5XHgXkPvL8DX3oGa07+z8Bs=
github.com/gohugoio/gohugoioTheme v0.0.0-20200123204146-589b4c309025 h1:ScYFARz+bHX1rEr1donVknhRdxGY/cwqK1hHvWEfrlc=
github.com/gohugoio/gohugoioTheme v0.0.0-20200123204146-589b4c309025/go.mod h1:kpw3SS48xZvLQGEXKu8u5XHgXkPvL8DX3oGa07+z8Bs=
github.com/gohugoio/gohugoioTheme v0.0.0-20200123205007-5d6620a0db26 h1:acXfduibbWxji9tW0WkLHbjcXFsnd5uIwXe0WfwOazg=
github.com/gohugoio/gohugoioTheme v0.0.0-20200123205007-5d6620a0db26/go.mod h1:kpw3SS48xZvLQGEXKu8u5XHgXkPvL8DX3oGa07+z8Bs=
github.com/gohugoio/gohugoioTheme v0.0.0-20200128164921-1d0bc5482051 h1:cS14MnUGS6xwWYfPNshimm8HdMCZiYBxWkCD0VnvgVw=
github.com/gohugoio/gohugoioTheme v0.0.0-20200128164921-1d0bc5482051/go.mod h1:kpw3SS48xZvLQGEXKu8u5XHgXkPvL8DX3oGa07+z8Bs=
github.com/gohugoio/gohugoioTheme v0.0.0-20200327225449-368f4cbef8d7 h1:cZ+ahAjSetbFv3aDJ9ipDbKyqaVlmkbSZ5cULgBTh+w=
github.com/gohugoio/gohugoioTheme v0.0.0-20200327225449-368f4cbef8d7/go.mod h1:kpw3SS48xZvLQGEXKu8u5XHgXkPvL8DX3oGa07+z8Bs=
github.com/gohugoio/gohugoioTheme v0.0.0-20200327231942-7f80b3d02bfa h1:kG+O/wT9UXomzp5eQiUuFVZ0l7YylAW6EVPLyjMxi/c=
github.com/gohugoio/gohugoioTheme v0.0.0-20200327231942-7f80b3d02bfa/go.mod h1:kpw3SS48xZvLQGEXKu8u5XHgXkPvL8DX3oGa07+z8Bs=
github.com/gohugoio/gohugoioTheme v0.0.0-20200328100657-2bfd5f8c6aee h1:PJZhCwnuVLyafDWNPSHk9iJvk6gEIvPRnycy7Pq3peA=
github.com/gohugoio/gohugoioTheme v0.0.0-20200328100657-2bfd5f8c6aee/go.mod h1:kpw3SS48xZvLQGEXKu8u5XHgXkPvL8DX3oGa07+z8Bs=
github.com/gohugoio/gohugoioTheme v0.0.0-20200518164958-62cbad03c40f h1:Ge3JACszSUyJW2Az9cJzWdo4PUqdijJA1RxoQSVMBSI=
github.com/gohugoio/gohugoioTheme v0.0.0-20200518164958-62cbad03c40f/go.mod h1:kpw3SS48xZvLQGEXKu8u5XHgXkPvL8DX3oGa07+z8Bs=
github.com/gohugoio/gohugoioTheme v0.0.0-20200518165806-0095b7b902a7 h1:Sy0hlWyZmFtdSY0Cobvw1ZYm3G1aR5+4DuFNRbMkh48=
github.com/gohugoio/gohugoioTheme v0.0.0-20200518165806-0095b7b902a7/go.mod h1:kpw3SS48xZvLQGEXKu8u5XHgXkPvL8DX3oGa07+z8Bs=
github.com/gohugoio/gohugoioTheme v0.0.0-20200711112515-b0dfe471654f h1:BWJyycs4HD7tUbaU8RIGeMay84bIBWRVVLE3yajPas4=
github.com/gohugoio/gohugoioTheme v0.0.0-20200711112515-b0dfe471654f/go.mod h1:kpw3SS48xZvLQGEXKu8u5XHgXkPvL8DX3oGa07+z8Bs=
github.com/gohugoio/gohugoioTheme v0.0.0-20210301124928-2c15837dfec3 h1:ShqzOFeeg54FPSuS6q8HSeTVgj2xNZRe/YS0jNbi21g=
github.com/gohugoio/gohugoioTheme v0.0.0-20210301124928-2c15837dfec3/go.mod h1:kpw3SS48xZvLQGEXKu8u5XHgXkPvL8DX3oGa07+z8Bs=
github.com/gohugoio/hugo-mod-jslibs-dist/alpinejs/v3 v3.500.100 h1:yIymGxglvwr9Guhk7cr9VoMQ3IgLLJ0E4PKcKCg+kJY=
github.com/gohugoio/hugo-mod-jslibs-dist/alpinejs/v3 v3.500.100/go.mod h1:WWQxcmPs5Xy3xDgi29ipkmZT6NKVb3bsqyCDTY3eYYY=
github.com/gohugoio/hugo-mod-jslibs/alpinejs v0.8.1 h1:79Hepvk2suBAqr3YIIH/VNUhfCRjPHrO81GomBF48nE=
github.com/gohugoio/hugo-mod-jslibs/alpinejs v0.8.1/go.mod h1:TDfVrqBdmTyCtJ0LQBDYQMRZFlUN/HtNLidriNqqh3M=
github.com/gohugoio/hugo-mod-jslibs/alpinejs v0.8.2 h1:AsRKGqrVYZKsGnuO1V+62y4HhtCQuOsVxZ5NyGHjXqY=
github.com/gohugoio/hugo-mod-jslibs/alpinejs v0.8.2/go.mod h1:TDfVrqBdmTyCtJ0LQBDYQMRZFlUN/HtNLidriNqqh3M=
github.com/gohugoio/hugo-mod-jslibs/instantpage v0.5.1 h1:Aig+0MOPXiuQNZpnxOMS4uwUsnyq41JnQzGW4Gk3o7Y=
github.com/gohugoio/hugo-mod-jslibs/instantpage v0.5.1/go.mod h1:N4EUbbL7Cw4Yq+GHeK3MUSiOJQbzfuUFRyvBKvnVBR8=
github.com/gohugoio/hugo-mod-jslibs/spruce v0.0.0-20210327112951-5422984b401d h1:8Z+qj9Bg2WDTuCZUSLKs5XPvF/od9kVEsg16r6VF85U=
github.com/gohugoio/hugo-mod-jslibs/spruce v0.0.0-20210327112951-5422984b401d/go.mod h1:eskeI4//CjlRk2+PgYMOuNiVFfhf0iZ6hMDqKz3l990=
github.com/gohugoio/hugo-mod-jslibs/spruce v0.1.0 h1:6kETIOmFwQMRYmvg9paru5kg716q3oHPCuPWJ5D3nKU=
github.com/gohugoio/hugo-mod-jslibs/spruce v0.1.0/go.mod h1:t7yzCU3sAQmp1CvaHvt7yjXQRFJGEXArhlS0b2WwTTU=
github.com/gohugoio/hugo-mod-jslibs/turbo/v7 v7.0.0-20220127163053-14169e3a1dd0 h1:LZtJpLdrobw8A+Si1vF16Vfig9cY7+4MdbtKyXfiY4Y=
github.com/gohugoio/hugo-mod-jslibs/turbo/v7 v7.0.0-20220127163053-14169e3a1dd0/go.mod h1:7YpZ5H9gE7M/Br+1g052hfMl6jZs1x+yU0hdJfSiB14=
github.com/gohugoio/hugo-mod-jslibs/turbolinks v0.6.0 h1:3jJ57v6Rr6BOQ0wYmlRt1ZE+kSP8vXnKNFMn8w1u6bA=
github.com/gohugoio/hugo-mod-jslibs/turbolinks v0.6.0/go.mod h1:0COpoSU/YogktyDLZn4aoXioJPq+f4jvdenIZj5ozMQ=
github.com/hotwired/turbo v7.0.1+incompatible/go.mod h1:6XcpYEC+j8xb7URpSYwhlq4iq98M5F5T/jaLWNHVbZs=
github.com/instantpage/instant.page v5.1.0+incompatible h1:/Z2XRXfY5HwuCN3TTqo56PaFyIlDr4l3tyytR/jGHXI=
github.com/instantpage/instant.page v5.1.0+incompatible/go.mod h1:GXVDktwI+K4T9o5mcK2NYDqPFxAUrB9U9goR9oG1SaI=
github.com/ryangjchandler/spruce v2.6.4+incompatible h1:zsakUAAkr9NOkEYTzbjI3FL+1Fc3a6Q7BDzom+Bgl9g=
github.com/ryangjchandler/spruce v2.6.4+incompatible/go.mod h1:pERscuhekU9NhSgrY8l7/0nLN1rBGBVnpvkMrVwGAZU=
github.com/turbolinks/turbolinks-source-gem v5.2.0+incompatible h1:UNx8t3fYB51UyUv3gOXpTPT7Q6u9LCdcXQd2iW1EClA=
github.com/turbolinks/turbolinks-source-gem v5.2.0+incompatible/go.mod h1:Cl0Br9tUXkQvxumVNGTvyaa7dqpFC2kPMrsS0Ttc94U=
