github.com/bep/npmtohugomodtestbench/alpinejs v0.0.0-20260530165852-84869bd20b0a h1:PUI7CTy7YYXjU12az76uN5gST+TKq91pmky5kR2eBbs=
github.com/bep/npmtohugomodtestbench/alpinejs v0.0.0-20260530165852-84869bd20b0a/go.mod h1:f4kz9AsyNZkF30GR20B+eQI/cnIoQNgyoS5RVHOn3J8=
github.com/bep/npmtohugomodtestbench/alpinejs/focus v0.0.0-20260530165852-84869bd20b0a h1:Up1fC08RgkkmJUdvarH5reAnHtR2AytKH3yWmUoDsFU=
github.com/bep/npmtohugomodtestbench/alpinejs/focus v0.0.0-20260530165852-84869bd20b0a/go.mod h1:+S1pto5EzW5SJbDbs0Ak8E9VsQ/8wbWNqOlcWbHTAYk=
github.com/bep/npmtohugomodtestbench/alpinejs/focus/v3 v3.0.0-20260531115027-23469e593ebf h1:pYYUJfBzvwIK2bMp52y7WdURQOfRsUI838DNHLfLjyw=
github.com/bep/npmtohugomodtestbench/alpinejs/focus/v3 v3.0.0-20260531115027-23469e593ebf/go.mod h1:ViuI7Hs/MZVweE9R3DCPVcHf/8FBf3lILdnOYFZ3uBM=
github.com/bep/npmtohugomodtestbench/alpinejs/persist v0.0.0-20260530165852-84869bd20b0a h1:cFezTYzkUsCoHs2Qkhf+6HIrbHAJkYuijeGtF0gz54I=
github.com/bep/npmtohugomodtestbench/alpinejs/persist v0.0.0-20260530165852-84869bd20b0a/go.mod h1:j0WlfKmqCy5BdMY97x0NNXMr4/1+y/KNfGs2/d0gX2g=
github.com/bep/npmtohugomodtestbench/alpinejs/persist/v3 v3.0.0-20260531115027-23469e593ebf h1:4LEQNrONdVxuwdB57TeKH+5FjdlVKcpOhKh2P3SLlLc=
github.com/bep/npmtohugomodtestbench/alpinejs/persist/v3 v3.0.0-20260531115027-23469e593ebf/go.mod h1:IQFFH1Hpnb9deO+SIBzIgyKSldo6GuWvgTnQgdLWh74=
github.com/bep/npmtohugomodtestbench/alpinejs/v3 v3.0.0-20260531115027-23469e593ebf h1:T/MmpQWXXMQ0S/8kueKfYvGqZS54F+xC2TOcj4oyN9Y=
github.com/bep/npmtohugomodtestbench/alpinejs/v3 v3.0.0-20260531115027-23469e593ebf/go.mod h1:1pSvwLz0YEXN9rU4dm5Ulc4NcK/IAzbx+YnQr4GAqbY=
github.com/bep/npmtohugomodtestbench/hotwired/turbo v0.0.0-20260530165852-84869bd20b0a h1:hXyvkLpSC0+joXULLqcNqTF/DXPyzoIznHNboqdMMl8=
github.com/bep/npmtohugomodtestbench/hotwired/turbo v0.0.0-20260530165852-84869bd20b0a/go.mod h1:BvzyBPyW3hW8xxRik9OO0cuCjYMsXMNlNcKDJOqfQfM=
github.com/bep/npmtohugomodtestbench/hotwired/turbo/v8 v8.0.0-20260531115027-23469e593ebf h1:nAeAqgFH9PXf3CCjH8YJeaXhyairKPZdBHK+cWfB2Gg=
github.com/bep/npmtohugomodtestbench/hotwired/turbo/v8 v8.0.0-20260531115027-23469e593ebf/go.mod h1:2i33NLloOKUmcKuOaBP1fK/aInZhgGu1ScZ8GfHVS6Q=
