github.com/SimoTod/alpine-turbolinks-adapter v1.0.2 h1:j75SevjoZwzMn/CjHJJRjW9W9KKCJEmsL3QBXDlBl7w=
github.com/SimoTod/alpine-turbolinks-adapter v1.0.2/go.mod h1:KebmHFXD933AzXtw24J3MbhcN7lrdMvIbmU3H7sex+M=
github.com/alpinejs/alpine v2.8.2+incompatible h1:WO8GLAdvObtsMH1h7bmURNk58OqkEltSpY10Y8sWRrw=
github.com/alpinejs/alpine v2.8.2+incompatible/go.mod h1:BKI81egATMnaKqFeX5HEfYMnjZjcjcZmrYAu5Nck+EY=
github.com/gohugoio/hugo-mod-jslibs/alpinejs v0.8.1 h1:79Hepvk2suBAqr3YIIH/VNUhfCRjPHrO81GomBF48nE=
github.com/gohugoio/hugo-mod-jslibs/alpinejs v0.8.1/go.mod h1:TDfVrqBdmTyCtJ0LQBDYQMRZFlUN/HtNLidriNqqh3M=
github.com/gohugoio/hugo-mod-jslibs/alpinejs v0.8.2 h1:AsRKGqrVYZKsGnuO1V+62y4HhtCQuOsVxZ5NyGHjXqY=
github.com/gohugoio/hugo-mod-jslibs/alpinejs v0.8.2/go.mod h1:TDfVrqBdmTyCtJ0LQBDYQMRZFlUN/HtNLidriNqqh3M=
